// !$*UTF8*$!
{
	archiveVersion = 1;
	classes = {
	};
	objectVersion = 56;
	objects = {

/* Begin PBXBuildFile section */
		1C00370D2A779A5100E0D75F /* DiaryResponse.swift in Sources */ = {isa = PBXBuildFile; fileRef = 1C00370C2A779A5100E0D75F /* DiaryResponse.swift */; };
		1C00371F2A78EB4500E0D75F /* LoginRequest.swift in Sources */ = {isa = PBXBuildFile; fileRef = 1C00371E2A78EB4500E0D75F /* LoginRequest.swift */; };
		1C0037212A78FE3100E0D75F /* LoginResponse.swift in Sources */ = {isa = PBXBuildFile; fileRef = 1C0037202A78FE3100E0D75F /* LoginResponse.swift */; };
		1C0037232A79025F00E0D75F /* DiaryRequest.swift in Sources */ = {isa = PBXBuildFile; fileRef = 1C0037222A79025F00E0D75F /* DiaryRequest.swift */; };
		1C17CF3529D2A942006988FE /* OthersYesterdayViewController.swift in Sources */ = {isa = PBXBuildFile; fileRef = 1C17CF3429D2A942006988FE /* OthersYesterdayViewController.swift */; };
		1C17CF3929D2AC40006988FE /* MyYesterdayViewController.swift in Sources */ = {isa = PBXBuildFile; fileRef = 1C17CF3829D2AC40006988FE /* MyYesterdayViewController.swift */; };
		1C17CF3B29D2AC59006988FE /* MyTodayViewController.swift in Sources */ = {isa = PBXBuildFile; fileRef = 1C17CF3A29D2AC59006988FE /* MyTodayViewController.swift */; };
		1C17CF3E29D2E943006988FE /* LabelManager.swift in Sources */ = {isa = PBXBuildFile; fileRef = 1C17CF3D29D2E943006988FE /* LabelManager.swift */; };
		1C1F3163297F6CC100D76B35 /* SettingController.swift in Sources */ = {isa = PBXBuildFile; fileRef = 1C1F3162297F6CC100D76B35 /* SettingController.swift */; };
		1C3B0117299B7ACA0052C3AD /* AlertFile.swift in Sources */ = {isa = PBXBuildFile; fileRef = 1C3B0116299B7ACA0052C3AD /* AlertFile.swift */; };
		1C4946422A6C1C1A00A57038 /* OthersCell.swift in Sources */ = {isa = PBXBuildFile; fileRef = 1C4946412A6C1C1A00A57038 /* OthersCell.swift */; };
		1C4946442A6C220400A57038 /* StoryData.swift in Sources */ = {isa = PBXBuildFile; fileRef = 1C4946432A6C220400A57038 /* StoryData.swift */; };
		1C4946462A6C408700A57038 /* AlertAction.swift in Sources */ = {isa = PBXBuildFile; fileRef = 1C4946452A6C408700A57038 /* AlertAction.swift */; };
		1C4946482A6D1D0400A57038 /* MyYesterdayCell.swift in Sources */ = {isa = PBXBuildFile; fileRef = 1C4946472A6D1D0400A57038 /* MyYesterdayCell.swift */; };
		1C49464D2A6F8F3700A57038 /* UILabel+Extensions.swift in Sources */ = {isa = PBXBuildFile; fileRef = 1C49464C2A6F8F3700A57038 /* UILabel+Extensions.swift */; };
		1C49464F2A6F9E4A00A57038 /* MyThatDayCell.swift in Sources */ = {isa = PBXBuildFile; fileRef = 1C49464E2A6F9E4A00A57038 /* MyThatDayCell.swift */; };
		1C4946512A6FBFD600A57038 /* OthersThatDayCell.swift in Sources */ = {isa = PBXBuildFile; fileRef = 1C4946502A6FBFD600A57038 /* OthersThatDayCell.swift */; };
		1C514BE029D56D6E0082195A /* AcceptLoginViewController.swift in Sources */ = {isa = PBXBuildFile; fileRef = 1C514BDF29D56D6E0082195A /* AcceptLoginViewController.swift */; };
		1C579D5529F508A40048924A /* GoogleService-Info.plist in Resources */ = {isa = PBXBuildFile; fileRef = 1C579D5429F508A40048924A /* GoogleService-Info.plist */; };
		1C62F533298BADAB003EB5A7 /* Toast.swift in Sources */ = {isa = PBXBuildFile; fileRef = 1C62F532298BADAB003EB5A7 /* Toast.swift */; };
		1C7221B3298901ED002C326E /* PrivacyView.swift in Sources */ = {isa = PBXBuildFile; fileRef = 1C7221B2298901ED002C326E /* PrivacyView.swift */; };
		1C7221B5298902A0002C326E /* OpenView.swift in Sources */ = {isa = PBXBuildFile; fileRef = 1C7221B4298902A0002C326E /* OpenView.swift */; };
		1C8F5FBB2A0F935F00A58B1F /* GoogleSignInManager.swift in Sources */ = {isa = PBXBuildFile; fileRef = 1C8F5FBA2A0F935F00A58B1F /* GoogleSignInManager.swift */; };
		1C8F5FBD2A0F955E00A58B1F /* KakaoLoginManager.swift in Sources */ = {isa = PBXBuildFile; fileRef = 1C8F5FBC2A0F955E00A58B1F /* KakaoLoginManager.swift */; };
		1C8F5FBF2A0F97D000A58B1F /* AppleLoginManager.swift in Sources */ = {isa = PBXBuildFile; fileRef = 1C8F5FBE2A0F97D000A58B1F /* AppleLoginManager.swift */; };
		1CA60B7729AF1A820009CA3C /* HomeSide.swift in Sources */ = {isa = PBXBuildFile; fileRef = 1CA60B7629AF1A820009CA3C /* HomeSide.swift */; };
		1CA60B9B29B484E90009CA3C /* NoticeViewController.swift in Sources */ = {isa = PBXBuildFile; fileRef = 1CA60B9A29B484E90009CA3C /* NoticeViewController.swift */; };
		1CA60BC729BA16E60009CA3C /* BundleStoryView.swift in Sources */ = {isa = PBXBuildFile; fileRef = 1CA60BC629BA16E60009CA3C /* BundleStoryView.swift */; };
		1CA60BC929BA17F00009CA3C /* MyThatDayViewController.swift in Sources */ = {isa = PBXBuildFile; fileRef = 1CA60BC829BA17F00009CA3C /* MyThatDayViewController.swift */; };
		1CA60BCB29BA17F80009CA3C /* OthersThatDayViewController.swift in Sources */ = {isa = PBXBuildFile; fileRef = 1CA60BCA29BA17F80009CA3C /* OthersThatDayViewController.swift */; };
		1CA60BCD29BC7F270009CA3C /* HomeViewController.swift in Sources */ = {isa = PBXBuildFile; fileRef = 1CA60BCC29BC7F270009CA3C /* HomeViewController.swift */; };
		1CA60BF329BF28B00009CA3C /* UnregisterView.swift in Sources */ = {isa = PBXBuildFile; fileRef = 1CA60BF229BF28B00009CA3C /* UnregisterView.swift */; };
		1CBA1A4D2A220719007AA1CC /* Cafe24Ssurround.ttf in Resources */ = {isa = PBXBuildFile; fileRef = 1CBA1A4B2A220719007AA1CC /* Cafe24Ssurround.ttf */; };
		1CBA1A4E2A220719007AA1CC /* Cafe24SsurroundAir.ttf in Resources */ = {isa = PBXBuildFile; fileRef = 1CBA1A4C2A220719007AA1CC /* Cafe24SsurroundAir.ttf */; };
		1CC9CA282A87AF6900D47FC7 /* MyTodayLocalDataSource.swift in Sources */ = {isa = PBXBuildFile; fileRef = 1CC9CA272A87AF6900D47FC7 /* MyTodayLocalDataSource.swift */; };
		1CC9CA2B2A8A231100D47FC7 /* UserData.swift in Sources */ = {isa = PBXBuildFile; fileRef = 1CC9CA2A2A8A231100D47FC7 /* UserData.swift */; };
		1CC9CA2D2A8A24E200D47FC7 /* UserLocalDataSource.swift in Sources */ = {isa = PBXBuildFile; fileRef = 1CC9CA2C2A8A24E200D47FC7 /* UserLocalDataSource.swift */; };
		1CD9722F29642C6600A4D62F /* AppDelegate.swift in Sources */ = {isa = PBXBuildFile; fileRef = 1CD9722E29642C6600A4D62F /* AppDelegate.swift */; };
		1CD9723129642C6600A4D62F /* SceneDelegate.swift in Sources */ = {isa = PBXBuildFile; fileRef = 1CD9723029642C6600A4D62F /* SceneDelegate.swift */; };
		1CD9723629642C6600A4D62F /* Main.storyboard in Resources */ = {isa = PBXBuildFile; fileRef = 1CD9723429642C6600A4D62F /* Main.storyboard */; };
		1CD9723829642C6800A4D62F /* Assets.xcassets in Resources */ = {isa = PBXBuildFile; fileRef = 1CD9723729642C6800A4D62F /* Assets.xcassets */; };
		1CD9723B29642C6800A4D62F /* LaunchScreen.storyboard in Resources */ = {isa = PBXBuildFile; fileRef = 1CD9723929642C6800A4D62F /* LaunchScreen.storyboard */; };
		1CD9724529642D1800A4D62F /* LoginView.swift in Sources */ = {isa = PBXBuildFile; fileRef = 1CD9724429642D1800A4D62F /* LoginView.swift */; };
		1CD9724729642D6300A4D62F /* LoginViewController.swift in Sources */ = {isa = PBXBuildFile; fileRef = 1CD9724629642D6300A4D62F /* LoginViewController.swift */; };
		1CD972552964460D00A4D62F /* SideMenuCell.swift in Sources */ = {isa = PBXBuildFile; fileRef = 1CD972542964460D00A4D62F /* SideMenuCell.swift */; };
		1CD972572964469100A4D62F /* SideMenuOptions.swift in Sources */ = {isa = PBXBuildFile; fileRef = 1CD972562964469100A4D62F /* SideMenuOptions.swift */; };
		1CD9725D2964489600A4D62F /* BundleStoryController.swift in Sources */ = {isa = PBXBuildFile; fileRef = 1CD9725C2964489600A4D62F /* BundleStoryController.swift */; };
		1CDA99542976BA6400E75D92 /* Font.swift in Sources */ = {isa = PBXBuildFile; fileRef = 1CDA99532976BA6400E75D92 /* Font.swift */; };
		1CDC90AA29A8FF1C0093A0D3 /* ToastWithButton.swift in Sources */ = {isa = PBXBuildFile; fileRef = 1CDC90A929A8FF1C0093A0D3 /* ToastWithButton.swift */; };
		1CE84D302982556A009B31BC /* CommentView.swift in Sources */ = {isa = PBXBuildFile; fileRef = 1CE84D2F2982556A009B31BC /* CommentView.swift */; };
		1CE84D32298276F1009B31BC /* TOSView.swift in Sources */ = {isa = PBXBuildFile; fileRef = 1CE84D31298276F1009B31BC /* TOSView.swift */; };
		1CE84D34298282DE009B31BC /* NoticeMainViewController.swift in Sources */ = {isa = PBXBuildFile; fileRef = 1CE84D33298282DE009B31BC /* NoticeMainViewController.swift */; };
		1CE84D362982845C009B31BC /* BundleSide.swift in Sources */ = {isa = PBXBuildFile; fileRef = 1CE84D352982845C009B31BC /* BundleSide.swift */; };
		1CE84D382983DE40009B31BC /* SettingSide.swift in Sources */ = {isa = PBXBuildFile; fileRef = 1CE84D372983DE40009B31BC /* SettingSide.swift */; };
		9E4913F9794E023B60247787 /* Pods_Hoegaarden.framework in Frameworks */ = {isa = PBXBuildFile; fileRef = 4C9E3303554DAC1473D66FCD /* Pods_Hoegaarden.framework */; };
/* End PBXBuildFile section */

/* Begin PBXFileReference section */
		1C00370C2A779A5100E0D75F /* DiaryResponse.swift */ = {isa = PBXFileReference; lastKnownFileType = sourcecode.swift; path = DiaryResponse.swift; sourceTree = "<group>"; };
		1C00371E2A78EB4500E0D75F /* LoginRequest.swift */ = {isa = PBXFileReference; lastKnownFileType = sourcecode.swift; path = LoginRequest.swift; sourceTree = "<group>"; };
		1C0037202A78FE3100E0D75F /* LoginResponse.swift */ = {isa = PBXFileReference; lastKnownFileType = sourcecode.swift; path = LoginResponse.swift; sourceTree = "<group>"; };
		1C0037222A79025F00E0D75F /* DiaryRequest.swift */ = {isa = PBXFileReference; lastKnownFileType = sourcecode.swift; path = DiaryRequest.swift; sourceTree = "<group>"; };
		1C17CF3429D2A942006988FE /* OthersYesterdayViewController.swift */ = {isa = PBXFileReference; lastKnownFileType = sourcecode.swift; path = OthersYesterdayViewController.swift; sourceTree = "<group>"; };
		1C17CF3829D2AC40006988FE /* MyYesterdayViewController.swift */ = {isa = PBXFileReference; lastKnownFileType = sourcecode.swift; path = MyYesterdayViewController.swift; sourceTree = "<group>"; };
		1C17CF3A29D2AC59006988FE /* MyTodayViewController.swift */ = {isa = PBXFileReference; lastKnownFileType = sourcecode.swift; path = MyTodayViewController.swift; sourceTree = "<group>"; };
		1C17CF3D29D2E943006988FE /* LabelManager.swift */ = {isa = PBXFileReference; lastKnownFileType = sourcecode.swift; path = LabelManager.swift; sourceTree = "<group>"; };
		1C1F3162297F6CC100D76B35 /* SettingController.swift */ = {isa = PBXFileReference; lastKnownFileType = sourcecode.swift; path = SettingController.swift; sourceTree = "<group>"; };
		1C3B0116299B7ACA0052C3AD /* AlertFile.swift */ = {isa = PBXFileReference; lastKnownFileType = sourcecode.swift; path = AlertFile.swift; sourceTree = "<group>"; };
		1C4946412A6C1C1A00A57038 /* OthersCell.swift */ = {isa = PBXFileReference; lastKnownFileType = sourcecode.swift; path = OthersCell.swift; sourceTree = "<group>"; };
		1C4946432A6C220400A57038 /* StoryData.swift */ = {isa = PBXFileReference; lastKnownFileType = sourcecode.swift; path = StoryData.swift; sourceTree = "<group>"; };
		1C4946452A6C408700A57038 /* AlertAction.swift */ = {isa = PBXFileReference; lastKnownFileType = sourcecode.swift; path = AlertAction.swift; sourceTree = "<group>"; };
		1C4946472A6D1D0400A57038 /* MyYesterdayCell.swift */ = {isa = PBXFileReference; lastKnownFileType = sourcecode.swift; path = MyYesterdayCell.swift; sourceTree = "<group>"; };
		1C49464C2A6F8F3700A57038 /* UILabel+Extensions.swift */ = {isa = PBXFileReference; lastKnownFileType = sourcecode.swift; path = "UILabel+Extensions.swift"; sourceTree = "<group>"; };
		1C49464E2A6F9E4A00A57038 /* MyThatDayCell.swift */ = {isa = PBXFileReference; lastKnownFileType = sourcecode.swift; path = MyThatDayCell.swift; sourceTree = "<group>"; };
		1C4946502A6FBFD600A57038 /* OthersThatDayCell.swift */ = {isa = PBXFileReference; lastKnownFileType = sourcecode.swift; path = OthersThatDayCell.swift; sourceTree = "<group>"; };
		1C514BDF29D56D6E0082195A /* AcceptLoginViewController.swift */ = {isa = PBXFileReference; lastKnownFileType = sourcecode.swift; path = AcceptLoginViewController.swift; sourceTree = "<group>"; };
		1C579D5429F508A40048924A /* GoogleService-Info.plist */ = {isa = PBXFileReference; fileEncoding = 4; lastKnownFileType = text.plist.xml; path = "GoogleService-Info.plist"; sourceTree = "<group>"; };
		1C62F532298BADAB003EB5A7 /* Toast.swift */ = {isa = PBXFileReference; lastKnownFileType = sourcecode.swift; path = Toast.swift; sourceTree = "<group>"; };
		1C7221B2298901ED002C326E /* PrivacyView.swift */ = {isa = PBXFileReference; lastKnownFileType = sourcecode.swift; path = PrivacyView.swift; sourceTree = "<group>"; };
		1C7221B4298902A0002C326E /* OpenView.swift */ = {isa = PBXFileReference; lastKnownFileType = sourcecode.swift; path = OpenView.swift; sourceTree = "<group>"; };
		1C8F5FBA2A0F935F00A58B1F /* GoogleSignInManager.swift */ = {isa = PBXFileReference; lastKnownFileType = sourcecode.swift; path = GoogleSignInManager.swift; sourceTree = "<group>"; };
		1C8F5FBC2A0F955E00A58B1F /* KakaoLoginManager.swift */ = {isa = PBXFileReference; lastKnownFileType = sourcecode.swift; path = KakaoLoginManager.swift; sourceTree = "<group>"; };
		1C8F5FBE2A0F97D000A58B1F /* AppleLoginManager.swift */ = {isa = PBXFileReference; lastKnownFileType = sourcecode.swift; path = AppleLoginManager.swift; sourceTree = "<group>"; };
		1CA60B7629AF1A820009CA3C /* HomeSide.swift */ = {isa = PBXFileReference; lastKnownFileType = sourcecode.swift; path = HomeSide.swift; sourceTree = "<group>"; };
		1CA60B9A29B484E90009CA3C /* NoticeViewController.swift */ = {isa = PBXFileReference; lastKnownFileType = sourcecode.swift; path = NoticeViewController.swift; sourceTree = "<group>"; };
		1CA60BC629BA16E60009CA3C /* BundleStoryView.swift */ = {isa = PBXFileReference; lastKnownFileType = sourcecode.swift; path = BundleStoryView.swift; sourceTree = "<group>"; };
		1CA60BC829BA17F00009CA3C /* MyThatDayViewController.swift */ = {isa = PBXFileReference; lastKnownFileType = sourcecode.swift; path = MyThatDayViewController.swift; sourceTree = "<group>"; };
		1CA60BCA29BA17F80009CA3C /* OthersThatDayViewController.swift */ = {isa = PBXFileReference; lastKnownFileType = sourcecode.swift; path = OthersThatDayViewController.swift; sourceTree = "<group>"; };
		1CA60BCC29BC7F270009CA3C /* HomeViewController.swift */ = {isa = PBXFileReference; lastKnownFileType = sourcecode.swift; path = HomeViewController.swift; sourceTree = "<group>"; };
		1CA60BF229BF28B00009CA3C /* UnregisterView.swift */ = {isa = PBXFileReference; lastKnownFileType = sourcecode.swift; path = UnregisterView.swift; sourceTree = "<group>"; };
		1CBA1A4B2A220719007AA1CC /* Cafe24Ssurround.ttf */ = {isa = PBXFileReference; lastKnownFileType = file; path = Cafe24Ssurround.ttf; sourceTree = "<group>"; };
		1CBA1A4C2A220719007AA1CC /* Cafe24SsurroundAir.ttf */ = {isa = PBXFileReference; lastKnownFileType = file; path = Cafe24SsurroundAir.ttf; sourceTree = "<group>"; };
		1CC9CA272A87AF6900D47FC7 /* MyTodayLocalDataSource.swift */ = {isa = PBXFileReference; lastKnownFileType = sourcecode.swift; path = MyTodayLocalDataSource.swift; sourceTree = "<group>"; };
		1CC9CA2A2A8A231100D47FC7 /* UserData.swift */ = {isa = PBXFileReference; lastKnownFileType = sourcecode.swift; path = UserData.swift; sourceTree = "<group>"; };
		1CC9CA2C2A8A24E200D47FC7 /* UserLocalDataSource.swift */ = {isa = PBXFileReference; lastKnownFileType = sourcecode.swift; path = UserLocalDataSource.swift; sourceTree = "<group>"; };
		1CD9722B29642C6600A4D62F /* Hoegaarden.app */ = {isa = PBXFileReference; explicitFileType = wrapper.application; includeInIndex = 0; path = Hoegaarden.app; sourceTree = BUILT_PRODUCTS_DIR; };
		1CD9722E29642C6600A4D62F /* AppDelegate.swift */ = {isa = PBXFileReference; lastKnownFileType = sourcecode.swift; path = AppDelegate.swift; sourceTree = "<group>"; };
		1CD9723029642C6600A4D62F /* SceneDelegate.swift */ = {isa = PBXFileReference; lastKnownFileType = sourcecode.swift; path = SceneDelegate.swift; sourceTree = "<group>"; };
		1CD9723529642C6600A4D62F /* Base */ = {isa = PBXFileReference; lastKnownFileType = file.storyboard; name = Base; path = Base.lproj/Main.storyboard; sourceTree = "<group>"; };
		1CD9723729642C6800A4D62F /* Assets.xcassets */ = {isa = PBXFileReference; lastKnownFileType = folder.assetcatalog; path = Assets.xcassets; sourceTree = "<group>"; };
		1CD9723A29642C6800A4D62F /* Base */ = {isa = PBXFileReference; lastKnownFileType = file.storyboard; name = Base; path = Base.lproj/LaunchScreen.storyboard; sourceTree = "<group>"; };
		1CD9723C29642C6800A4D62F /* Info.plist */ = {isa = PBXFileReference; lastKnownFileType = text.plist.xml; path = Info.plist; sourceTree = "<group>"; };
		1CD9724429642D1800A4D62F /* LoginView.swift */ = {isa = PBXFileReference; lastKnownFileType = sourcecode.swift; path = LoginView.swift; sourceTree = "<group>"; };
		1CD9724629642D6300A4D62F /* LoginViewController.swift */ = {isa = PBXFileReference; lastKnownFileType = sourcecode.swift; path = LoginViewController.swift; sourceTree = "<group>"; };
		1CD972542964460D00A4D62F /* SideMenuCell.swift */ = {isa = PBXFileReference; lastKnownFileType = sourcecode.swift; path = SideMenuCell.swift; sourceTree = "<group>"; };
		1CD972562964469100A4D62F /* SideMenuOptions.swift */ = {isa = PBXFileReference; lastKnownFileType = sourcecode.swift; path = SideMenuOptions.swift; sourceTree = "<group>"; };
		1CD9725C2964489600A4D62F /* BundleStoryController.swift */ = {isa = PBXFileReference; lastKnownFileType = sourcecode.swift; path = BundleStoryController.swift; sourceTree = "<group>"; };
		1CDA99532976BA6400E75D92 /* Font.swift */ = {isa = PBXFileReference; lastKnownFileType = sourcecode.swift; path = Font.swift; sourceTree = "<group>"; };
		1CDC90A929A8FF1C0093A0D3 /* ToastWithButton.swift */ = {isa = PBXFileReference; lastKnownFileType = sourcecode.swift; path = ToastWithButton.swift; sourceTree = "<group>"; };
		1CE84D2F2982556A009B31BC /* CommentView.swift */ = {isa = PBXFileReference; lastKnownFileType = sourcecode.swift; path = CommentView.swift; sourceTree = "<group>"; };
		1CE84D31298276F1009B31BC /* TOSView.swift */ = {isa = PBXFileReference; lastKnownFileType = sourcecode.swift; path = TOSView.swift; sourceTree = "<group>"; };
		1CE84D33298282DE009B31BC /* NoticeMainViewController.swift */ = {isa = PBXFileReference; lastKnownFileType = sourcecode.swift; path = NoticeMainViewController.swift; sourceTree = "<group>"; };
		1CE84D352982845C009B31BC /* BundleSide.swift */ = {isa = PBXFileReference; lastKnownFileType = sourcecode.swift; path = BundleSide.swift; sourceTree = "<group>"; };
		1CE84D372983DE40009B31BC /* SettingSide.swift */ = {isa = PBXFileReference; lastKnownFileType = sourcecode.swift; path = SettingSide.swift; sourceTree = "<group>"; };
		1F40405EB474D3B1C9DE50F6 /* Pods-Hoegaaarden.release.xcconfig */ = {isa = PBXFileReference; includeInIndex = 1; lastKnownFileType = text.xcconfig; name = "Pods-Hoegaaarden.release.xcconfig"; path = "Target Support Files/Pods-Hoegaaarden/Pods-Hoegaaarden.release.xcconfig"; sourceTree = "<group>"; };
		4C9E3303554DAC1473D66FCD /* Pods_Hoegaarden.framework */ = {isa = PBXFileReference; explicitFileType = wrapper.framework; includeInIndex = 0; path = Pods_Hoegaarden.framework; sourceTree = BUILT_PRODUCTS_DIR; };
		6ECC6536DB647D72E47D7E34 /* Pods-Hoegaarden.release.xcconfig */ = {isa = PBXFileReference; includeInIndex = 1; lastKnownFileType = text.xcconfig; name = "Pods-Hoegaarden.release.xcconfig"; path = "Target Support Files/Pods-Hoegaarden/Pods-Hoegaarden.release.xcconfig"; sourceTree = "<group>"; };
		7BEBB5B06F7273D81B12E4BD /* Pods-Hoegaarden.debug.xcconfig */ = {isa = PBXFileReference; includeInIndex = 1; lastKnownFileType = text.xcconfig; name = "Pods-Hoegaarden.debug.xcconfig"; path = "Target Support Files/Pods-Hoegaarden/Pods-Hoegaarden.debug.xcconfig"; sourceTree = "<group>"; };
		FC4957D00FE03A661E921362 /* Pods-Hoegaaarden.debug.xcconfig */ = {isa = PBXFileReference; includeInIndex = 1; lastKnownFileType = text.xcconfig; name = "Pods-Hoegaaarden.debug.xcconfig"; path = "Target Support Files/Pods-Hoegaaarden/Pods-Hoegaaarden.debug.xcconfig"; sourceTree = "<group>"; };
/* End PBXFileReference section */

/* Begin PBXFrameworksBuildPhase section */
		1CD9722829642C6600A4D62F /* Frameworks */ = {
			isa = PBXFrameworksBuildPhase;
			buildActionMask = 2147483647;
			files = (
				9E4913F9794E023B60247787 /* Pods_Hoegaarden.framework in Frameworks */,
			);
			runOnlyForDeploymentPostprocessing = 0;
		};
/* End PBXFrameworksBuildPhase section */

/* Begin PBXGroup section */
		1C0037072A74D9C600E0D75F /* Components */ = {
			isa = PBXGroup;
			children = (
				1C4946472A6D1D0400A57038 /* MyYesterdayCell.swift */,
				1C4946412A6C1C1A00A57038 /* OthersCell.swift */,
				1CD972542964460D00A4D62F /* SideMenuCell.swift */,
				1C49464E2A6F9E4A00A57038 /* MyThatDayCell.swift */,
				1C4946502A6FBFD600A57038 /* OthersThatDayCell.swift */,
			);
			path = Components;
			sourceTree = "<group>";
		};
		1C0037082A7799BF00E0D75F /* Data */ = {
			isa = PBXGroup;
			children = (
				1C4946432A6C220400A57038 /* StoryData.swift */,
				1CC9CA262A87AF0300D47FC7 /* Server */,
				1C0037092A7799C500E0D75F /* Model */,
			);
			path = Data;
			sourceTree = "<group>";
		};
		1C0037092A7799C500E0D75F /* Model */ = {
			isa = PBXGroup;
			children = (
				1C00371D2A78EB3700E0D75F /* Request */,
				1C00370A2A7799D000E0D75F /* Response */,
			);
			path = Model;
			sourceTree = "<group>";
		};
		1C00370A2A7799D000E0D75F /* Response */ = {
			isa = PBXGroup;
			children = (
				1C0037202A78FE3100E0D75F /* LoginResponse.swift */,
				1C00370C2A779A5100E0D75F /* DiaryResponse.swift */,
			);
			path = Response;
			sourceTree = "<group>";
		};
		1C0037162A77A0BB00E0D75F /* UI */ = {
			isa = PBXGroup;
			children = (
				1C0037172A77A13500E0D75F /* Login */,
				1CC9CA252A849BA000D47FC7 /* Notice */,
				1CD9724229642CF900A4D62F /* Main */,
			);
			path = UI;
			sourceTree = "<group>";
		};
		1C0037172A77A13500E0D75F /* Login */ = {
			isa = PBXGroup;
			children = (
				1CD9724429642D1800A4D62F /* LoginView.swift */,
				1CD9724629642D6300A4D62F /* LoginViewController.swift */,
				1C514BDF29D56D6E0082195A /* AcceptLoginViewController.swift */,
			);
			path = Login;
			sourceTree = "<group>";
		};
		1C00371D2A78EB3700E0D75F /* Request */ = {
			isa = PBXGroup;
			children = (
				1C00371E2A78EB4500E0D75F /* LoginRequest.swift */,
				1C0037222A79025F00E0D75F /* DiaryRequest.swift */,
			);
			path = Request;
			sourceTree = "<group>";
		};
		1C17CF3C29D2E930006988FE /* Utility */ = {
			isa = PBXGroup;
			children = (
				1C17CF3D29D2E943006988FE /* LabelManager.swift */,
				1CDA99532976BA6400E75D92 /* Font.swift */,
				1CDA994E29764C5600E75D92 /* Font */,
			);
			path = Utility;
			sourceTree = "<group>";
		};
		1C4946492A6F899B00A57038 /* App */ = {
			isa = PBXGroup;
			children = (
				1CD9722E29642C6600A4D62F /* AppDelegate.swift */,
				1CD9723029642C6600A4D62F /* SceneDelegate.swift */,
				1CD9723429642C6600A4D62F /* Main.storyboard */,
				1CD9723929642C6800A4D62F /* LaunchScreen.storyboard */,
				1CD9723729642C6800A4D62F /* Assets.xcassets */,
			);
			path = App;
			sourceTree = "<group>";
		};
		1C49464B2A6F8F2800A57038 /* Extension */ = {
			isa = PBXGroup;
			children = (
				1C49464C2A6F8F3700A57038 /* UILabel+Extensions.swift */,
			);
			path = Extension;
			sourceTree = "<group>";
		};
		1CC9CA252A849BA000D47FC7 /* Notice */ = {
			isa = PBXGroup;
			children = (
				1CE84D33298282DE009B31BC /* NoticeMainViewController.swift */,
				1CA60B9A29B484E90009CA3C /* NoticeViewController.swift */,
			);
			path = Notice;
			sourceTree = "<group>";
		};
		1CC9CA262A87AF0300D47FC7 /* Server */ = {
			isa = PBXGroup;
			children = (
				1CC9CA2E2A8A24F000D47FC7 /* Local */,
			);
			path = Server;
			sourceTree = "<group>";
		};
		1CC9CA2E2A8A24F000D47FC7 /* Local */ = {
			isa = PBXGroup;
			children = (
				1CC9CA2C2A8A24E200D47FC7 /* UserLocalDataSource.swift */,
				1CC9CA272A87AF6900D47FC7 /* MyTodayLocalDataSource.swift */,
				1CC9CA2F2A8A24FD00D47FC7 /* Model */,
			);
			path = Local;
			sourceTree = "<group>";
		};
		1CC9CA2F2A8A24FD00D47FC7 /* Model */ = {
			isa = PBXGroup;
			children = (
				1CC9CA2A2A8A231100D47FC7 /* UserData.swift */,
			);
			path = Model;
			sourceTree = "<group>";
		};
		1CD9722229642C6600A4D62F = {
			isa = PBXGroup;
			children = (
				1CD9722D29642C6600A4D62F /* Hoegaarden */,
				E0C0D0D2D0C23B255FE8C968 /* Pods */,
				FD69959751D0C2C970910114 /* Frameworks */,
			);
			sourceTree = "<group>";
		};
		1CD9722C29642C6600A4D62F /* Products */ = {
			isa = PBXGroup;
			children = (
				1CD9722B29642C6600A4D62F /* Hoegaarden.app */,
			);
			name = Products;
			path = ..;
			sourceTree = "<group>";
		};
		1CD9722D29642C6600A4D62F /* Hoegaarden */ = {
			isa = PBXGroup;
			children = (
				1C0037162A77A0BB00E0D75F /* UI */,
				1CD9724329642D0500A4D62F /* Login */,
				1C0037082A7799BF00E0D75F /* Data */,
				1C0037072A74D9C600E0D75F /* Components */,
				1C49464B2A6F8F2800A57038 /* Extension */,
				1CDC90A829A8F4430093A0D3 /* Module */,
				1C17CF3C29D2E930006988FE /* Utility */,
				1CD9723C29642C6800A4D62F /* Info.plist */,
				1C579D5429F508A40048924A /* GoogleService-Info.plist */,
				1C4946492A6F899B00A57038 /* App */,
			);
			path = Hoegaarden;
			sourceTree = "<group>";
		};
		1CD9724229642CF900A4D62F /* Main */ = {
			isa = PBXGroup;
			children = (
				1CD9724B296431EC00A4D62F /* SideMenu */,
				1CA60BCC29BC7F270009CA3C /* HomeViewController.swift */,
				1C17CF3A29D2AC59006988FE /* MyTodayViewController.swift */,
				1C17CF3829D2AC40006988FE /* MyYesterdayViewController.swift */,
				1C17CF3429D2A942006988FE /* OthersYesterdayViewController.swift */,
			);
			path = Main;
			sourceTree = "<group>";
		};
		1CD9724329642D0500A4D62F /* Login */ = {
			isa = PBXGroup;
			children = (
				1C8F5FBA2A0F935F00A58B1F /* GoogleSignInManager.swift */,
				1C8F5FBC2A0F955E00A58B1F /* KakaoLoginManager.swift */,
				1C8F5FBE2A0F97D000A58B1F /* AppleLoginManager.swift */,
			);
			path = Login;
			sourceTree = "<group>";
		};
		1CD97248296431BA00A4D62F /* Settings */ = {
			isa = PBXGroup;
			children = (
				1CE84D372983DE40009B31BC /* SettingSide.swift */,
				1C1F3162297F6CC100D76B35 /* SettingController.swift */,
				1CE84D2F2982556A009B31BC /* CommentView.swift */,
				1CE84D31298276F1009B31BC /* TOSView.swift */,
				1C7221B2298901ED002C326E /* PrivacyView.swift */,
				1C7221B4298902A0002C326E /* OpenView.swift */,
				1CA60BF229BF28B00009CA3C /* UnregisterView.swift */,
			);
			name = Settings;
			path = ../Settings;
			sourceTree = "<group>";
		};
		1CD97249296431DD00A4D62F /* BundleStory */ = {
			isa = PBXGroup;
			children = (
				1CE84D352982845C009B31BC /* BundleSide.swift */,
				1CD9725C2964489600A4D62F /* BundleStoryController.swift */,
				1CA60BC629BA16E60009CA3C /* BundleStoryView.swift */,
				1CA60BC829BA17F00009CA3C /* MyThatDayViewController.swift */,
				1CA60BCA29BA17F80009CA3C /* OthersThatDayViewController.swift */,
			);
			path = BundleStory;
			sourceTree = "<group>";
		};
		1CD9724B296431EC00A4D62F /* SideMenu */ = {
			isa = PBXGroup;
			children = (
				1CD972562964469100A4D62F /* SideMenuOptions.swift */,
				1CA60B7629AF1A820009CA3C /* HomeSide.swift */,
				1CD97249296431DD00A4D62F /* BundleStory */,
				1CD97248296431BA00A4D62F /* Settings */,
			);
			path = SideMenu;
			sourceTree = "<group>";
		};
		1CDA994E29764C5600E75D92 /* Font */ = {
			isa = PBXGroup;
			children = (
				1CBA1A4C2A220719007AA1CC /* Cafe24SsurroundAir.ttf */,
				1CBA1A4B2A220719007AA1CC /* Cafe24Ssurround.ttf */,
			);
			path = Font;
			sourceTree = "<group>";
		};
		1CDC90A829A8F4430093A0D3 /* Module */ = {
			isa = PBXGroup;
			children = (
				1C4946452A6C408700A57038 /* AlertAction.swift */,
				1C3B0116299B7ACA0052C3AD /* AlertFile.swift */,
				1C62F532298BADAB003EB5A7 /* Toast.swift */,
				1CDC90A929A8FF1C0093A0D3 /* ToastWithButton.swift */,
			);
			path = Module;
			sourceTree = "<group>";
		};
		E0C0D0D2D0C23B255FE8C968 /* Pods */ = {
			isa = PBXGroup;
			children = (
				1CD9722C29642C6600A4D62F /* Products */,
				FC4957D00FE03A661E921362 /* Pods-Hoegaaarden.debug.xcconfig */,
				1F40405EB474D3B1C9DE50F6 /* Pods-Hoegaaarden.release.xcconfig */,
				7BEBB5B06F7273D81B12E4BD /* Pods-Hoegaarden.debug.xcconfig */,
				6ECC6536DB647D72E47D7E34 /* Pods-Hoegaarden.release.xcconfig */,
			);
			path = Pods;
			sourceTree = "<group>";
		};
		FD69959751D0C2C970910114 /* Frameworks */ = {
			isa = PBXGroup;
			children = (
				4C9E3303554DAC1473D66FCD /* Pods_Hoegaarden.framework */,
			);
			name = Frameworks;
			sourceTree = "<group>";
		};
/* End PBXGroup section */

/* Begin PBXNativeTarget section */
		1CD9722A29642C6600A4D62F /* Hoegaarden */ = {
			isa = PBXNativeTarget;
			buildConfigurationList = 1CD9723F29642C6800A4D62F /* Build configuration list for PBXNativeTarget "Hoegaarden" */;
			buildPhases = (
				4A30B46D6AD47C03E405949A /* [CP] Check Pods Manifest.lock */,
				1CD9722729642C6600A4D62F /* Sources */,
				1CD9722829642C6600A4D62F /* Frameworks */,
				1CD9722929642C6600A4D62F /* Resources */,
				414A2CCFD7110357031B028D /* [CP] Embed Pods Frameworks */,
			);
			buildRules = (
			);
			dependencies = (
			);
			name = Hoegaarden;
			productName = Hoegaaarden;
			productReference = 1CD9722B29642C6600A4D62F /* Hoegaarden.app */;
			productType = "com.apple.product-type.application";
		};
/* End PBXNativeTarget section */

/* Begin PBXProject section */
		1CD9722329642C6600A4D62F /* Project object */ = {
			isa = PBXProject;
			attributes = {
				BuildIndependentTargetsInParallel = 1;
				LastSwiftUpdateCheck = 1420;
				LastUpgradeCheck = 1420;
				TargetAttributes = {
					1CD9722A29642C6600A4D62F = {
						CreatedOnToolsVersion = 14.2;
					};
				};
			};
			buildConfigurationList = 1CD9722629642C6600A4D62F /* Build configuration list for PBXProject "Hoegaarden" */;
			compatibilityVersion = "Xcode 14.0";
			developmentRegion = en;
			hasScannedForEncodings = 0;
			knownRegions = (
				en,
				Base,
			);
			mainGroup = 1CD9722229642C6600A4D62F;
			packageReferences = (
				1C579D4F29F4FB7F0048924A /* XCRemoteSwiftPackageReference "firebase-ios-sdk" */,
				1C579D5629F514460048924A /* XCRemoteSwiftPackageReference "kakao-ios-sdk" */,
				1CBBBEA029F65AC900F2783E /* XCRemoteSwiftPackageReference "GoogleSignIn-iOS" */,
			);
			productRefGroup = 1CD9722C29642C6600A4D62F /* Products */;
			projectDirPath = "";
			projectRoot = "";
			targets = (
				1CD9722A29642C6600A4D62F /* Hoegaarden */,
			);
		};
/* End PBXProject section */

/* Begin PBXResourcesBuildPhase section */
		1CD9722929642C6600A4D62F /* Resources */ = {
			isa = PBXResourcesBuildPhase;
			buildActionMask = 2147483647;
			files = (
				1CD9723B29642C6800A4D62F /* LaunchScreen.storyboard in Resources */,
				1CBA1A4D2A220719007AA1CC /* Cafe24Ssurround.ttf in Resources */,
				1CBA1A4E2A220719007AA1CC /* Cafe24SsurroundAir.ttf in Resources */,
				1CD9723829642C6800A4D62F /* Assets.xcassets in Resources */,
				1CD9723629642C6600A4D62F /* Main.storyboard in Resources */,
				1C579D5529F508A40048924A /* GoogleService-Info.plist in Resources */,
			);
			runOnlyForDeploymentPostprocessing = 0;
		};
/* End PBXResourcesBuildPhase section */

/* Begin PBXShellScriptBuildPhase section */
		414A2CCFD7110357031B028D /* [CP] Embed Pods Frameworks */ = {
			isa = PBXShellScriptBuildPhase;
			buildActionMask = 2147483647;
			files = (
			);
			inputFileListPaths = (
				"${PODS_ROOT}/Target Support Files/Pods-Hoegaarden/Pods-Hoegaarden-frameworks-${CONFIGURATION}-input-files.xcfilelist",
			);
			name = "[CP] Embed Pods Frameworks";
			outputFileListPaths = (
				"${PODS_ROOT}/Target Support Files/Pods-Hoegaarden/Pods-Hoegaarden-frameworks-${CONFIGURATION}-output-files.xcfilelist",
			);
			runOnlyForDeploymentPostprocessing = 0;
			shellPath = /bin/sh;
			shellScript = "\"${PODS_ROOT}/Target Support Files/Pods-Hoegaarden/Pods-Hoegaarden-frameworks.sh\"\n";
			showEnvVarsInLog = 0;
		};
		4A30B46D6AD47C03E405949A /* [CP] Check Pods Manifest.lock */ = {
			isa = PBXShellScriptBuildPhase;
			buildActionMask = 2147483647;
			files = (
			);
			inputFileListPaths = (
			);
			inputPaths = (
				"${PODS_PODFILE_DIR_PATH}/Podfile.lock",
				"${PODS_ROOT}/Manifest.lock",
			);
			name = "[CP] Check Pods Manifest.lock";
			outputFileListPaths = (
			);
			outputPaths = (
				"$(DERIVED_FILE_DIR)/Pods-Hoegaarden-checkManifestLockResult.txt",
			);
			runOnlyForDeploymentPostprocessing = 0;
			shellPath = /bin/sh;
			shellScript = "diff \"${PODS_PODFILE_DIR_PATH}/Podfile.lock\" \"${PODS_ROOT}/Manifest.lock\" > /dev/null\nif [ $? != 0 ] ; then\n    # print error to STDERR\n    echo \"error: The sandbox is not in sync with the Podfile.lock. Run 'pod install' or update your CocoaPods installation.\" >&2\n    exit 1\nfi\n# This output is used by Xcode 'outputs' to avoid re-running this script phase.\necho \"SUCCESS\" > \"${SCRIPT_OUTPUT_FILE_0}\"\n";
			showEnvVarsInLog = 0;
		};
/* End PBXShellScriptBuildPhase section */

/* Begin PBXSourcesBuildPhase section */
		1CD9722729642C6600A4D62F /* Sources */ = {
			isa = PBXSourcesBuildPhase;
			buildActionMask = 2147483647;
			files = (
				1C4946482A6D1D0400A57038 /* MyYesterdayCell.swift in Sources */,
				1CD9722F29642C6600A4D62F /* AppDelegate.swift in Sources */,
				1CA60BC729BA16E60009CA3C /* BundleStoryView.swift in Sources */,
				1CA60B7729AF1A820009CA3C /* HomeSide.swift in Sources */,
				1C514BE029D56D6E0082195A /* AcceptLoginViewController.swift in Sources */,
				1CC9CA282A87AF6900D47FC7 /* MyTodayLocalDataSource.swift in Sources */,
				1C49464D2A6F8F3700A57038 /* UILabel+Extensions.swift in Sources */,
				1C17CF3B29D2AC59006988FE /* MyTodayViewController.swift in Sources */,
				1C4946442A6C220400A57038 /* StoryData.swift in Sources */,
				1C17CF3E29D2E943006988FE /* LabelManager.swift in Sources */,
				1C8F5FBF2A0F97D000A58B1F /* AppleLoginManager.swift in Sources */,
				1C8F5FBD2A0F955E00A58B1F /* KakaoLoginManager.swift in Sources */,
				1CE84D34298282DE009B31BC /* NoticeMainViewController.swift in Sources */,
				1C7221B3298901ED002C326E /* PrivacyView.swift in Sources */,
				1CD9725D2964489600A4D62F /* BundleStoryController.swift in Sources */,
				1CDC90AA29A8FF1C0093A0D3 /* ToastWithButton.swift in Sources */,
				1CE84D32298276F1009B31BC /* TOSView.swift in Sources */,
				1CA60BF329BF28B00009CA3C /* UnregisterView.swift in Sources */,
				1CA60BC929BA17F00009CA3C /* MyThatDayViewController.swift in Sources */,
				1C0037232A79025F00E0D75F /* DiaryRequest.swift in Sources */,
				1CD9724529642D1800A4D62F /* LoginView.swift in Sources */,
				1CD972552964460D00A4D62F /* SideMenuCell.swift in Sources */,
				1C62F533298BADAB003EB5A7 /* Toast.swift in Sources */,
				1CA60B9B29B484E90009CA3C /* NoticeViewController.swift in Sources */,
				1C4946462A6C408700A57038 /* AlertAction.swift in Sources */,
				1CC9CA2D2A8A24E200D47FC7 /* UserLocalDataSource.swift in Sources */,
				1CA60BCB29BA17F80009CA3C /* OthersThatDayViewController.swift in Sources */,
				1C00370D2A779A5100E0D75F /* DiaryResponse.swift in Sources */,
				1C3B0117299B7ACA0052C3AD /* AlertFile.swift in Sources */,
				1CDA99542976BA6400E75D92 /* Font.swift in Sources */,
				1CD9724729642D6300A4D62F /* LoginViewController.swift in Sources */,
				1C0037212A78FE3100E0D75F /* LoginResponse.swift in Sources */,
				1C4946512A6FBFD600A57038 /* OthersThatDayCell.swift in Sources */,
				1C7221B5298902A0002C326E /* OpenView.swift in Sources */,
				1CC9CA2B2A8A231100D47FC7 /* UserData.swift in Sources */,
				1C49464F2A6F9E4A00A57038 /* MyThatDayCell.swift in Sources */,
				1CE84D382983DE40009B31BC /* SettingSide.swift in Sources */,
				1CD972572964469100A4D62F /* SideMenuOptions.swift in Sources */,
				1C17CF3929D2AC40006988FE /* MyYesterdayViewController.swift in Sources */,
				1CE84D362982845C009B31BC /* BundleSide.swift in Sources */,
				1C8F5FBB2A0F935F00A58B1F /* GoogleSignInManager.swift in Sources */,
				1CA60BCD29BC7F270009CA3C /* HomeViewController.swift in Sources */,
				1C1F3163297F6CC100D76B35 /* SettingController.swift in Sources */,
				1C4946422A6C1C1A00A57038 /* OthersCell.swift in Sources */,
				1CE84D302982556A009B31BC /* CommentView.swift in Sources */,
				1CD9723129642C6600A4D62F /* SceneDelegate.swift in Sources */,
				1C17CF3529D2A942006988FE /* OthersYesterdayViewController.swift in Sources */,
				1C00371F2A78EB4500E0D75F /* LoginRequest.swift in Sources */,
			);
			runOnlyForDeploymentPostprocessing = 0;
		};
/* End PBXSourcesBuildPhase section */

/* Begin PBXVariantGroup section */
		1CD9723429642C6600A4D62F /* Main.storyboard */ = {
			isa = PBXVariantGroup;
			children = (
				1CD9723529642C6600A4D62F /* Base */,
			);
			name = Main.storyboard;
			sourceTree = "<group>";
		};
		1CD9723929642C6800A4D62F /* LaunchScreen.storyboard */ = {
			isa = PBXVariantGroup;
			children = (
				1CD9723A29642C6800A4D62F /* Base */,
			);
			name = LaunchScreen.storyboard;
			sourceTree = "<group>";
		};
/* End PBXVariantGroup section */

/* Begin XCBuildConfiguration section */
		1CD9723D29642C6800A4D62F /* Debug */ = {
			isa = XCBuildConfiguration;
			buildSettings = {
				ALWAYS_SEARCH_USER_PATHS = NO;
				CLANG_ANALYZER_NONNULL = YES;
				CLANG_ANALYZER_NUMBER_OBJECT_CONVERSION = YES_AGGRESSIVE;
				CLANG_CXX_LANGUAGE_STANDARD = "gnu++20";
				CLANG_ENABLE_MODULES = YES;
				CLANG_ENABLE_OBJC_ARC = YES;
				CLANG_ENABLE_OBJC_WEAK = YES;
				CLANG_WARN_BLOCK_CAPTURE_AUTORELEASING = YES;
				CLANG_WARN_BOOL_CONVERSION = YES;
				CLANG_WARN_COMMA = YES;
				CLANG_WARN_CONSTANT_CONVERSION = YES;
				CLANG_WARN_DEPRECATED_OBJC_IMPLEMENTATIONS = YES;
				CLANG_WARN_DIRECT_OBJC_ISA_USAGE = YES_ERROR;
				CLANG_WARN_DOCUMENTATION_COMMENTS = YES;
				CLANG_WARN_EMPTY_BODY = YES;
				CLANG_WARN_ENUM_CONVERSION = YES;
				CLANG_WARN_INFINITE_RECURSION = YES;
				CLANG_WARN_INT_CONVERSION = YES;
				CLANG_WARN_NON_LITERAL_NULL_CONVERSION = YES;
				CLANG_WARN_OBJC_IMPLICIT_RETAIN_SELF = YES;
				CLANG_WARN_OBJC_LITERAL_CONVERSION = YES;
				CLANG_WARN_OBJC_ROOT_CLASS = YES_ERROR;
				CLANG_WARN_QUOTED_INCLUDE_IN_FRAMEWORK_HEADER = YES;
				CLANG_WARN_RANGE_LOOP_ANALYSIS = YES;
				CLANG_WARN_STRICT_PROTOTYPES = YES;
				CLANG_WARN_SUSPICIOUS_MOVE = YES;
				CLANG_WARN_UNGUARDED_AVAILABILITY = YES_AGGRESSIVE;
				CLANG_WARN_UNREACHABLE_CODE = YES;
				CLANG_WARN__DUPLICATE_METHOD_MATCH = YES;
				COPY_PHASE_STRIP = NO;
				DEBUG_INFORMATION_FORMAT = dwarf;
				ENABLE_STRICT_OBJC_MSGSEND = YES;
				ENABLE_TESTABILITY = YES;
				GCC_C_LANGUAGE_STANDARD = gnu11;
				GCC_DYNAMIC_NO_PIC = NO;
				GCC_NO_COMMON_BLOCKS = YES;
				GCC_OPTIMIZATION_LEVEL = 0;
				GCC_PREPROCESSOR_DEFINITIONS = (
					"DEBUG=1",
					"$(inherited)",
				);
				GCC_WARN_64_TO_32_BIT_CONVERSION = YES;
				GCC_WARN_ABOUT_RETURN_TYPE = YES_ERROR;
				GCC_WARN_UNDECLARED_SELECTOR = YES;
				GCC_WARN_UNINITIALIZED_AUTOS = YES_AGGRESSIVE;
				GCC_WARN_UNUSED_FUNCTION = YES;
				GCC_WARN_UNUSED_VARIABLE = YES;
				IPHONEOS_DEPLOYMENT_TARGET = 16.2;
				MTL_ENABLE_DEBUG_INFO = INCLUDE_SOURCE;
				MTL_FAST_MATH = YES;
				ONLY_ACTIVE_ARCH = YES;
				SDKROOT = iphoneos;
				SWIFT_ACTIVE_COMPILATION_CONDITIONS = DEBUG;
				SWIFT_OPTIMIZATION_LEVEL = "-Onone";
			};
			name = Debug;
		};
		1CD9723E29642C6800A4D62F /* Release */ = {
			isa = XCBuildConfiguration;
			buildSettings = {
				ALWAYS_SEARCH_USER_PATHS = NO;
				CLANG_ANALYZER_NONNULL = YES;
				CLANG_ANALYZER_NUMBER_OBJECT_CONVERSION = YES_AGGRESSIVE;
				CLANG_CXX_LANGUAGE_STANDARD = "gnu++20";
				CLANG_ENABLE_MODULES = YES;
				CLANG_ENABLE_OBJC_ARC = YES;
				CLANG_ENABLE_OBJC_WEAK = YES;
				CLANG_WARN_BLOCK_CAPTURE_AUTORELEASING = YES;
				CLANG_WARN_BOOL_CONVERSION = YES;
				CLANG_WARN_COMMA = YES;
				CLANG_WARN_CONSTANT_CONVERSION = YES;
				CLANG_WARN_DEPRECATED_OBJC_IMPLEMENTATIONS = YES;
				CLANG_WARN_DIRECT_OBJC_ISA_USAGE = YES_ERROR;
				CLANG_WARN_DOCUMENTATION_COMMENTS = YES;
				CLANG_WARN_EMPTY_BODY = YES;
				CLANG_WARN_ENUM_CONVERSION = YES;
				CLANG_WARN_INFINITE_RECURSION = YES;
				CLANG_WARN_INT_CONVERSION = YES;
				CLANG_WARN_NON_LITERAL_NULL_CONVERSION = YES;
				CLANG_WARN_OBJC_IMPLICIT_RETAIN_SELF = YES;
				CLANG_WARN_OBJC_LITERAL_CONVERSION = YES;
				CLANG_WARN_OBJC_ROOT_CLASS = YES_ERROR;
				CLANG_WARN_QUOTED_INCLUDE_IN_FRAMEWORK_HEADER = YES;
				CLANG_WARN_RANGE_LOOP_ANALYSIS = YES;
				CLANG_WARN_STRICT_PROTOTYPES = YES;
				CLANG_WARN_SUSPICIOUS_MOVE = YES;
				CLANG_WARN_UNGUARDED_AVAILABILITY = YES_AGGRESSIVE;
				CLANG_WARN_UNREACHABLE_CODE = YES;
				CLANG_WARN__DUPLICATE_METHOD_MATCH = YES;
				COPY_PHASE_STRIP = NO;
				DEBUG_INFORMATION_FORMAT = "dwarf-with-dsym";
				ENABLE_NS_ASSERTIONS = NO;
				ENABLE_STRICT_OBJC_MSGSEND = YES;
				GCC_C_LANGUAGE_STANDARD = gnu11;
				GCC_NO_COMMON_BLOCKS = YES;
				GCC_WARN_64_TO_32_BIT_CONVERSION = YES;
				GCC_WARN_ABOUT_RETURN_TYPE = YES_ERROR;
				GCC_WARN_UNDECLARED_SELECTOR = YES;
				GCC_WARN_UNINITIALIZED_AUTOS = YES_AGGRESSIVE;
				GCC_WARN_UNUSED_FUNCTION = YES;
				GCC_WARN_UNUSED_VARIABLE = YES;
				IPHONEOS_DEPLOYMENT_TARGET = 16.2;
				MTL_ENABLE_DEBUG_INFO = NO;
				MTL_FAST_MATH = YES;
				SDKROOT = iphoneos;
				SWIFT_COMPILATION_MODE = wholemodule;
				SWIFT_OPTIMIZATION_LEVEL = "-O";
				VALIDATE_PRODUCT = YES;
			};
			name = Release;
		};
		1CD9724029642C6800A4D62F /* Debug */ = {
			isa = XCBuildConfiguration;
			baseConfigurationReference = 7BEBB5B06F7273D81B12E4BD /* Pods-Hoegaarden.debug.xcconfig */;
			buildSettings = {
				ASSETCATALOG_COMPILER_APPICON_NAME = AppIcon;
				ASSETCATALOG_COMPILER_GLOBAL_ACCENT_COLOR_NAME = AccentColor;
				CODE_SIGN_ENTITLEMENTS = Hoegaarden/App/Hoegaarden.entitlements;
				CODE_SIGN_IDENTITY = "Apple Development";
				CODE_SIGN_STYLE = Automatic;
				CURRENT_PROJECT_VERSION = 1;
				DEVELOPMENT_TEAM = XBK9RNRMN8;
				GENERATE_INFOPLIST_FILE = YES;
				INFOPLIST_FILE = Hoegaarden/Info.plist;
				INFOPLIST_KEY_UIApplicationSupportsIndirectInputEvents = YES;
				INFOPLIST_KEY_UILaunchStoryboardName = LaunchScreenViewController;
				INFOPLIST_KEY_UIMainStoryboardFile = Main;
				INFOPLIST_KEY_UIStatusBarStyle = UIStatusBarStyleDarkContent;
				INFOPLIST_KEY_UISupportedInterfaceOrientations_iPad = "UIInterfaceOrientationPortrait UIInterfaceOrientationPortraitUpsideDown UIInterfaceOrientationLandscapeLeft UIInterfaceOrientationLandscapeRight";
				INFOPLIST_KEY_UISupportedInterfaceOrientations_iPhone = "UIInterfaceOrientationPortrait UIInterfaceOrientationLandscapeLeft UIInterfaceOrientationLandscapeRight";
				IPHONEOS_DEPLOYMENT_TARGET = 16.0;
				LD_RUNPATH_SEARCH_PATHS = (
					"$(inherited)",
					"@executable_path/Frameworks",
				);
				MARKETING_VERSION = 1.0;
				PRODUCT_BUNDLE_IDENTIFIER = hyeri.ShareToday;
				PRODUCT_NAME = "$(TARGET_NAME)";
				PROVISIONING_PROFILE_SPECIFIER = "";
				SWIFT_EMIT_LOC_STRINGS = YES;
				SWIFT_VERSION = 5.0;
				TARGETED_DEVICE_FAMILY = "1,2";
			};
			name = Debug;
		};
		1CD9724129642C6800A4D62F /* Release */ = {
			isa = XCBuildConfiguration;
			baseConfigurationReference = 6ECC6536DB647D72E47D7E34 /* Pods-Hoegaarden.release.xcconfig */;
			buildSettings = {
				ASSETCATALOG_COMPILER_APPICON_NAME = AppIcon;
				ASSETCATALOG_COMPILER_GLOBAL_ACCENT_COLOR_NAME = AccentColor;
				CODE_SIGN_ENTITLEMENTS = Hoegaarden/App/Hoegaarden.entitlements;
				CODE_SIGN_IDENTITY = "Apple Development";
				CODE_SIGN_STYLE = Automatic;
				CURRENT_PROJECT_VERSION = 1;
				DEVELOPMENT_TEAM = XBK9RNRMN8;
				GENERATE_INFOPLIST_FILE = YES;
				INFOPLIST_FILE = Hoegaarden/Info.plist;
				INFOPLIST_KEY_UIApplicationSupportsIndirectInputEvents = YES;
				INFOPLIST_KEY_UILaunchStoryboardName = LaunchScreenViewController;
				INFOPLIST_KEY_UIMainStoryboardFile = Main;
				INFOPLIST_KEY_UIStatusBarStyle = UIStatusBarStyleDarkContent;
				INFOPLIST_KEY_UISupportedInterfaceOrientations_iPad = "UIInterfaceOrientationPortrait UIInterfaceOrientationPortraitUpsideDown UIInterfaceOrientationLandscapeLeft UIInterfaceOrientationLandscapeRight";
				INFOPLIST_KEY_UISupportedInterfaceOrientations_iPhone = "UIInterfaceOrientationPortrait UIInterfaceOrientationLandscapeLeft UIInterfaceOrientationLandscapeRight";
				IPHONEOS_DEPLOYMENT_TARGET = 16.0;
				LD_RUNPATH_SEARCH_PATHS = (
					"$(inherited)",
					"@executable_path/Frameworks",
				);
				MARKETING_VERSION = 1.0;
				PRODUCT_BUNDLE_IDENTIFIER = hyeri.ShareToday;
				PRODUCT_NAME = "$(TARGET_NAME)";
				PROVISIONING_PROFILE_SPECIFIER = "";
				SWIFT_EMIT_LOC_STRINGS = YES;
				SWIFT_VERSION = 5.0;
				TARGETED_DEVICE_FAMILY = "1,2";
			};
			name = Release;
		};
/* End XCBuildConfiguration section */

/* Begin XCConfigurationList section */
		1CD9722629642C6600A4D62F /* Build configuration list for PBXProject "Hoegaarden" */ = {
			isa = XCConfigurationList;
			buildConfigurations = (
				1CD9723D29642C6800A4D62F /* Debug */,
				1CD9723E29642C6800A4D62F /* Release */,
			);
			defaultConfigurationIsVisible = 0;
			defaultConfigurationName = Release;
		};
		1CD9723F29642C6800A4D62F /* Build configuration list for PBXNativeTarget "Hoegaarden" */ = {
			isa = XCConfigurationList;
			buildConfigurations = (
				1CD9724029642C6800A4D62F /* Debug */,
				1CD9724129642C6800A4D62F /* Release */,
			);
			defaultConfigurationIsVisible = 0;
			defaultConfigurationName = Release;
		};
/* End XCConfigurationList section */

/* Begin XCRemoteSwiftPackageReference section */
		1C579D4F29F4FB7F0048924A /* XCRemoteSwiftPackageReference "firebase-ios-sdk" */ = {
			isa = XCRemoteSwiftPackageReference;
			repositoryURL = "https://github.com/firebase/firebase-ios-sdk";
			requirement = {
				kind = upToNextMajorVersion;
				minimumVersion = 9.0.0;
			};
		};
		1C579D5629F514460048924A /* XCRemoteSwiftPackageReference "kakao-ios-sdk" */ = {
			isa = XCRemoteSwiftPackageReference;
			repositoryURL = "https://github.com/kakao/kakao-ios-sdk";
			requirement = {
				branch = master;
				kind = branch;
			};
		};
		1CBBBEA029F65AC900F2783E /* XCRemoteSwiftPackageReference "GoogleSignIn-iOS" */ = {
			isa = XCRemoteSwiftPackageReference;
			repositoryURL = "https://github.com/google/GoogleSignIn-iOS";
			requirement = {
				branch = main;
				kind = branch;
			};
		};
/* End XCRemoteSwiftPackageReference section */
	};
	rootObject = 1CD9722329642C6600A4D62F /* Project object */;
}
